# This file is automatically @generated by Cargo.
# It is not intended for manual editing.
version = 3

[[package]]
name = "cf-asia-pacific-championship-2024"
version = "0.1.0"
dependencies = [
 "contest_lib_rs",
 "pretty_assertions",
]

[[package]]
name = "cf-codeton-5"
version = "0.1.0"
dependencies = [
 "contest_lib_rs",
 "pretty_assertions",
]

[[package]]
name = "cf-codeton-6"
version = "0.1.0"
dependencies = [
 "contest_lib_rs",
 "pretty_assertions",
]

[[package]]
name = "cf-compfest-15"
version = "0.1.0"
dependencies = [
 "contest_lib_rs",
 "pretty_assertions",
]

[[package]]
name = "cf-educational-148"
version = "0.1.0"
dependencies = [
 "contest_lib_rs",
 "pretty_assertions",
]

[[package]]
name = "cf-educational-149"
version = "0.1.0"
dependencies = [
 "contest_lib_rs",
 "pretty_assertions",
]

[[package]]
name = "cf-educational-150"
version = "0.1.0"
dependencies = [
 "contest_lib_rs",
 "pretty_assertions",
]

[[package]]
name = "cf-educational-152"
version = "0.1.0"
dependencies = [
 "contest_lib_rs",
 "pretty_assertions",
]

[[package]]
name = "cf-educational-153"
version = "0.1.0"
dependencies = [
 "contest_lib_rs",
 "pretty_assertions",
]

[[package]]
name = "cf-educational-154"
version = "0.1.0"
dependencies = [
 "contest_lib_rs",
 "pretty_assertions",
]

[[package]]
name = "cf-educational-156"
version = "0.1.0"
dependencies = [
 "contest_lib_rs",
 "pretty_assertions",
]

[[package]]
name = "cf-educational-157"
version = "0.1.0"
dependencies = [
 "contest_lib_rs",
 "pretty_assertions",
]

[[package]]
name = "cf-educational-158"
version = "0.1.0"
dependencies = [
 "contest_lib_rs",
 "pretty_assertions",
]

[[package]]
name = "cf-educational-162"
version = "0.1.0"
dependencies = [
 "contest_lib_rs",
 "pretty_assertions",
]

[[package]]
name = "cf-educational-163"
version = "0.1.0"
dependencies = [
 "contest_lib_rs",
 "pretty_assertions",
]

[[package]]
name = "cf-epic-2024"
version = "0.1.0"
dependencies = [
 "contest_lib_rs",
 "pretty_assertions",
]

[[package]]
name = "cf-european-championship-2024"
version = "0.1.0"
dependencies = [
 "contest_lib_rs",
 "pretty_assertions",
]

[[package]]
name = "cf-helvetic-coding-contest-2017"
version = "0.1.0"
dependencies = [
 "contest_lib_rs",
 "pretty_assertions",
]

[[package]]
name = "cf-helvetic-coding-contest-2024"
version = "0.1.0"
dependencies = [
 "contest_lib_rs",
 "pretty_assertions",
]

[[package]]
name = "cf-icpc-2022-2023-russia"
version = "0.1.0"
dependencies = [
 "contest_lib_rs",
 "pretty_assertions",
]

[[package]]
name = "cf-round-869-div-2"
version = "0.1.0"
dependencies = [
 "contest_lib_rs",
 "pretty_assertions",
]

[[package]]
name = "cf-round-870-div-2"
version = "0.1.0"
dependencies = [
 "contest_lib_rs",
 "pretty_assertions",
]

[[package]]
name = "cf-round-872-div-2"
version = "0.1.0"
dependencies = [
 "contest_lib_rs",
 "pretty_assertions",
]

[[package]]
name = "cf-round-873-div-2"
version = "0.1.0"
dependencies = [
 "contest_lib_rs",
 "pretty_assertions",
]

[[package]]
name = "cf-round-875-div-2"
version = "0.1.0"
dependencies = [
 "contest_lib_rs",
 "pretty_assertions",
]

[[package]]
name = "cf-round-877-div-2"
version = "0.1.0"
dependencies = [
 "contest_lib_rs",
 "pretty_assertions",
]

[[package]]
name = "cf-round-883-div-3"
version = "0.1.0"
dependencies = [
 "contest_lib_rs",
 "pretty_assertions",
]

[[package]]
name = "cf-round-884-div-1-2"
version = "0.1.0"
dependencies = [
 "contest_lib_rs",
 "pretty_assertions",
]

[[package]]
name = "cf-round-885-div-2"
version = "0.1.0"
dependencies = [
 "contest_lib_rs",
 "pretty_assertions",
]

[[package]]
name = "cf-round-889-div-1"
version = "0.1.0"
dependencies = [
 "contest_lib_rs",
 "pretty_assertions",
]

[[package]]
name = "cf-round-895-div-3"
version = "0.1.0"
dependencies = [
 "contest_lib_rs",
 "pretty_assertions",
]

[[package]]
name = "cf-round-897-div-2"
version = "0.1.0"
dependencies = [
 "contest_lib_rs",
 "pretty_assertions",
]

[[package]]
name = "cf-round-899-div-2"
version = "0.1.0"
dependencies = [
 "contest_lib_rs",
 "pretty_assertions",
]

[[package]]
name = "cf-round-900-div-3"
version = "0.1.0"
dependencies = [
 "contest_lib_rs",
 "pretty_assertions",
]

[[package]]
name = "cf-round-901-div-1"
version = "0.1.0"
dependencies = [
 "contest_lib_rs",
 "pretty_assertions",
]

[[package]]
name = "cf-round-902-div-1"
version = "0.1.0"
dependencies = [
 "contest_lib_rs",
 "pretty_assertions",
]

[[package]]
name = "cf-round-903-div-3"
version = "0.1.0"
dependencies = [
 "contest_lib_rs",
 "pretty_assertions",
]

[[package]]
name = "cf-round-907-div-2"
version = "0.1.0"
dependencies = [
 "contest_lib_rs",
 "pretty_assertions",
]

[[package]]
name = "cf-round-908-div-1"
version = "0.1.0"
dependencies = [
 "contest_lib_rs",
 "pretty_assertions",
]

[[package]]
name = "cf-round-914-div-2"
version = "0.1.0"
dependencies = [
 "contest_lib_rs",
 "pretty_assertions",
]

[[package]]
name = "cf-round-921-div-1"
version = "0.1.0"
dependencies = [
 "contest_lib_rs",
 "pretty_assertions",
]

[[package]]
name = "cf-round-922-div-2"
version = "0.1.0"
dependencies = [
 "contest_lib_rs",
 "pretty_assertions",
]

[[package]]
name = "cf-round-923-div-3"
version = "0.1.0"
dependencies = [
 "contest_lib_rs",
 "pretty_assertions",
]

[[package]]
name = "cf-round-924-div-2"
version = "0.1.0"
dependencies = [
 "contest_lib_rs",
 "pretty_assertions",
]

[[package]]
name = "cf-round-925-div-3"
version = "0.1.0"
dependencies = [
 "contest_lib_rs",
 "pretty_assertions",
]

[[package]]
name = "cf-round-926-div-2"
version = "0.1.0"
dependencies = [
 "contest_lib_rs",
 "pretty_assertions",
]

[[package]]
name = "cf-round-930-div-1"
version = "0.1.0"
dependencies = [
 "contest_lib_rs",
 "pretty_assertions",
]

[[package]]
name = "cf-round-932-div-2"
version = "0.1.0"
dependencies = [
 "contest_lib_rs",
 "pretty_assertions",
]

[[package]]
name = "cf-round-936-div-2"
version = "0.1.0"
dependencies = [
 "contest_lib_rs",
 "pretty_assertions",
]

[[package]]
name = "cf-round-945-div-2"
version = "0.1.0"
dependencies = [
 "contest_lib_rs",
 "pretty_assertions",
]

[[package]]
name = "cf-round-947-div-1-2"
version = "0.1.0"
dependencies = [
 "contest_lib_rs",
 "pretty_assertions",
]

[[package]]
name = "cf-round-949-div-2"
version = "0.1.0"
dependencies = [
 "contest_lib_rs",
 "pretty_assertions",
]

[[package]]
name = "cf-round-951-div-2"
version = "0.1.0"
dependencies = [
 "contest_lib_rs",
 "pretty_assertions",
]

[[package]]
name = "cf-round-959-div-1-2"
version = "0.1.0"
dependencies = [
 "contest_lib_rs",
 "pretty_assertions",
]

[[package]]
name = "cf-round-968-div-2"
version = "0.1.0"
dependencies = [
 "contest_lib_rs",
 "pretty_assertions",
]

[[package]]
name = "cf-round-969-div-1-2"
version = "0.1.0"
dependencies = [
 "contest_lib_rs",
 "pretty_assertions",
]

[[package]]
name = "cf-round-972-div-2"
version = "0.1.0"
dependencies = [
 "contest_lib_rs",
 "pretty_assertions",
]

[[package]]
name = "contest_lib_rs"
version = "0.1.0"
dependencies = [
 "itertools",
 "pretty_assertions",
]

[[package]]
name = "ctor"
version = "0.1.26"
source = "registry+https://github.com/rust-lang/crates.io-index"
checksum = "6d2301688392eb071b0bf1a37be05c469d3cc4dbbd95df672fe28ab021e6a096"
dependencies = [
 "quote",
 "syn",
]

[[package]]
name = "diff"
version = "0.1.13"
source = "registry+https://github.com/rust-lang/crates.io-index"
checksum = "56254986775e3233ffa9c4d7d3faaf6d36a2c09d30b20687e9f88bc8bafc16c8"

[[package]]
name = "either"
version = "1.8.1"
source = "registry+https://github.com/rust-lang/crates.io-index"
checksum = "7fcaabb2fef8c910e7f4c7ce9f67a1283a1715879a7c230ca9d6d1ae31f16d91"

[[package]]
name = "graph-render"
version = "0.1.0"
dependencies = [
 "contest_lib_rs",
]

[[package]]
name = "itertools"
version = "0.10.5"
source = "registry+https://github.com/rust-lang/crates.io-index"
checksum = "b0fd2260e829bddf4cb6ea802289de2f86d6a7a690192fbe91b3f46e0f2c8473"
dependencies = [
 "either",
]

[[package]]
name = "output_vt100"
version = "0.1.3"
source = "registry+https://github.com/rust-lang/crates.io-index"
checksum = "628223faebab4e3e40667ee0b2336d34a5b960ff60ea743ddfdbcf7770bcfb66"
dependencies = [
 "winapi",
]

[[package]]
name = "playground"
version = "0.1.0"
dependencies = [
 "contest_lib_rs",
 "itertools",
]

[[package]]
name = "pretty_assertions"
version = "1.3.0"
source = "registry+https://github.com/rust-lang/crates.io-index"
checksum = "a25e9bcb20aa780fd0bb16b72403a9064d6b3f22f026946029acb941a50af755"
dependencies = [
 "ctor",
 "diff",
 "output_vt100",
 "yansi",
]

[[package]]
name = "proc-macro2"
version = "1.0.56"
source = "registry+https://github.com/rust-lang/crates.io-index"
checksum = "2b63bdb0cd06f1f4dedf69b254734f9b45af66e4a031e42a7480257d9898b435"
dependencies = [
 "unicode-ident",
]

[[package]]
name = "quote"
version = "1.0.26"
source = "registry+https://github.com/rust-lang/crates.io-index"
checksum = "4424af4bf778aae2051a77b60283332f386554255d722233d09fbfc7e30da2fc"
dependencies = [
 "proc-macro2",
]

[[package]]
name = "syn"
version = "1.0.109"
source = "registry+https://github.com/rust-lang/crates.io-index"
checksum = "72b64191b275b66ffe2469e8af2c1cfe3bafa67b529ead792a6d0160888b4237"
dependencies = [
 "proc-macro2",
 "quote",
 "unicode-ident",
]

[[package]]
name = "unicode-ident"
version = "1.0.8"
source = "registry+https://github.com/rust-lang/crates.io-index"
checksum = "e5464a87b239f13a63a501f2701565754bae92d243d4bb7eb12f6d57d2269bf4"

[[package]]
name = "winapi"
version = "0.3.9"
source = "registry+https://github.com/rust-lang/crates.io-index"
checksum = "5c839a674fcd7a98952e593242ea400abe93992746761e38641405d28b00f419"
dependencies = [
 "winapi-i686-pc-windows-gnu",
 "winapi-x86_64-pc-windows-gnu",
]

[[package]]
name = "winapi-i686-pc-windows-gnu"
version = "0.4.0"
source = "registry+https://github.com/rust-lang/crates.io-index"
checksum = "ac3b87c63620426dd9b991e5ce0329eff545bccbbb34f3be09ff6fb6ab51b7b6"

[[package]]
name = "winapi-x86_64-pc-windows-gnu"
version = "0.4.0"
source = "registry+https://github.com/rust-lang/crates.io-index"
checksum = "712e227841d057c1ee1cd2fb22fa7e5a5461ae8e48fa2ca79ec42cfc1931183f"

[[package]]
name = "yansi"
version = "0.5.1"
source = "registry+https://github.com/rust-lang/crates.io-index"
checksum = "09041cd90cf85f7f8b2df60c646f853b7f535ce68f85244eb6731cf89fa498ec"
